// !$*UTF8*$!
{
	archiveVersion = 1;
	classes = {
	};
	objectVersion = 46;
	objects = {

/* Begin PBXBuildFile section */
		721F79D7151BB5C000FA0D5E /* UIKit.framework in Frameworks */ = {isa = PBXBuildFile; fileRef = 721F79D6151BB5C000FA0D5E /* UIKit.framework */; };
		721F79D9151BB5C000FA0D5E /* Foundation.framework in Frameworks */ = {isa = PBXBuildFile; fileRef = 721F79D8151BB5C000FA0D5E /* Foundation.framework */; };
		721F79DB151BB5C000FA0D5E /* CoreGraphics.framework in Frameworks */ = {isa = PBXBuildFile; fileRef = 721F79DA151BB5C000FA0D5E /* CoreGraphics.framework */; };
		721F79E1151BB5C100FA0D5E /* InfoPlist.strings in Resources */ = {isa = PBXBuildFile; fileRef = 721F79DF151BB5C100FA0D5E /* InfoPlist.strings */; };
		721F79E3151BB5C100FA0D5E /* main.m in Sources */ = {isa = PBXBuildFile; fileRef = 721F79E2151BB5C100FA0D5E /* main.m */; };
		721F79E7151BB5C100FA0D5E /* AppDelegate.m in Sources */ = {isa = PBXBuildFile; fileRef = 721F79E6151BB5C100FA0D5E /* AppDelegate.m */; };
		721F79EA151BB5C100FA0D5E /* ViewController.m in Sources */ = {isa = PBXBuildFile; fileRef = 721F79E9151BB5C100FA0D5E /* ViewController.m */; };
		721F79ED151BB5C100FA0D5E /* ViewController.xib in Resources */ = {isa = PBXBuildFile; fileRef = 721F79EB151BB5C100FA0D5E /* ViewController.xib */; };
		721F79F8151BB91100FA0D5E /* CustomPullToRefresh.m in Sources */ = {isa = PBXBuildFile; fileRef = 721F79F7151BB91100FA0D5E /* CustomPullToRefresh.m */; };
		721F79FB151BBEA300FA0D5E /* MSPullToRefreshController.m in Sources */ = {isa = PBXBuildFile; fileRef = 721F79F4151BB5DB00FA0D5E /* MSPullToRefreshController.m */; };
		721F7A26151BD94700FA0D5E /* loading-1.png in Resources */ = {isa = PBXBuildFile; fileRef = 721F7A00151BD94400FA0D5E /* loading-1.png */; };
		721F7A27151BD94700FA0D5E /* loading-1@2x.png in Resources */ = {isa = PBXBuildFile; fileRef = 721F7A01151BD94500FA0D5E /* loading-1@2x.png */; };
		721F7A28151BD94700FA0D5E /* loading-2.png in Resources */ = {isa = PBXBuildFile; fileRef = 721F7A02151BD94500FA0D5E /* loading-2.png */; };
		721F7A29151BD94700FA0D5E /* loading-2@2x.png in Resources */ = {isa = PBXBuildFile; fileRef = 721F7A03151BD94500FA0D5E /* loading-2@2x.png */; };
		721F7A2A151BD94700FA0D5E /* loading-3.png in Resources */ = {isa = PBXBuildFile; fileRef = 721F7A04151BD94500FA0D5E /* loading-3.png */; };
		721F7A2B151BD94700FA0D5E /* loading-3@2x.png in Resources */ = {isa = PBXBuildFile; fileRef = 721F7A05151BD94500FA0D5E /* loading-3@2x.png */; };
		721F7A2C151BD94700FA0D5E /* loading-4.png in Resources */ = {isa = PBXBuildFile; fileRef = 721F7A06151BD94500FA0D5E /* loading-4.png */; };
		721F7A2D151BD94700FA0D5E /* loading-4@2x.png in Resources */ = {isa = PBXBuildFile; fileRef = 721F7A07151BD94500FA0D5E /* loading-4@2x.png */; };
		721F7A2E151BD94700FA0D5E /* loading-5.png in Resources */ = {isa = PBXBuildFile; fileRef = 721F7A08151BD94600FA0D5E /* loading-5.png */; };
		721F7A2F151BD94700FA0D5E /* loading-5@2x.png in Resources */ = {isa = PBXBuildFile; fileRef = 721F7A09151BD94600FA0D5E /* loading-5@2x.png */; };
		721F7A30151BD94700FA0D5E /* loading-6.png in Resources */ = {isa = PBXBuildFile; fileRef = 721F7A0A151BD94600FA0D5E /* loading-6.png */; };
		721F7A31151BD94700FA0D5E /* loading-6@2x.png in Resources */ = {isa = PBXBuildFile; fileRef = 721F7A0B151BD94600FA0D5E /* loading-6@2x.png */; };
		721F7A32151BD94700FA0D5E /* loading-7.png in Resources */ = {isa = PBXBuildFile; fileRef = 721F7A0C151BD94600FA0D5E /* loading-7.png */; };
		721F7A33151BD94700FA0D5E /* loading-7@2x.png in Resources */ = {isa = PBXBuildFile; fileRef = 721F7A0D151BD94600FA0D5E /* loading-7@2x.png */; };
		721F7A34151BD94700FA0D5E /* loading-8.png in Resources */ = {isa = PBXBuildFile; fileRef = 721F7A0E151BD94600FA0D5E /* loading-8.png */; };
		721F7A35151BD94700FA0D5E /* loading-8@2x.png in Resources */ = {isa = PBXBuildFile; fileRef = 721F7A0F151BD94600FA0D5E /* loading-8@2x.png */; };
		721F7A36151BD94700FA0D5E /* loading-9.png in Resources */ = {isa = PBXBuildFile; fileRef = 721F7A10151BD94600FA0D5E /* loading-9.png */; };
		721F7A37151BD94700FA0D5E /* loading-9@2x.png in Resources */ = {isa = PBXBuildFile; fileRef = 721F7A11151BD94600FA0D5E /* loading-9@2x.png */; };
		721F7A38151BD94700FA0D5E /* loading-10.png in Resources */ = {isa = PBXBuildFile; fileRef = 721F7A12151BD94600FA0D5E /* loading-10.png */; };
		721F7A39151BD94700FA0D5E /* loading-10@2x.png in Resources */ = {isa = PBXBuildFile; fileRef = 721F7A13151BD94600FA0D5E /* loading-10@2x.png */; };
		721F7A3A151BD94700FA0D5E /* loading-11.png in Resources */ = {isa = PBXBuildFile; fileRef = 721F7A14151BD94600FA0D5E /* loading-11.png */; };
		721F7A3B151BD94700FA0D5E /* loading-11@2x.png in Resources */ = {isa = PBXBuildFile; fileRef = 721F7A15151BD94600FA0D5E /* loading-11@2x.png */; };
		721F7A3C151BD94700FA0D5E /* loading-12.png in Resources */ = {isa = PBXBuildFile; fileRef = 721F7A16151BD94600FA0D5E /* loading-12.png */; };
		721F7A3D151BD94700FA0D5E /* loading-12@2x.png in Resources */ = {isa = PBXBuildFile; fileRef = 721F7A17151BD94700FA0D5E /* loading-12@2x.png */; };
		721F7A3E151BD94700FA0D5E /* loading-13.png in Resources */ = {isa = PBXBuildFile; fileRef = 721F7A18151BD94700FA0D5E /* loading-13.png */; };
		721F7A3F151BD94700FA0D5E /* loading-13@2x.png in Resources */ = {isa = PBXBuildFile; fileRef = 721F7A19151BD94700FA0D5E /* loading-13@2x.png */; };
		721F7A40151BD94700FA0D5E /* loading-14.png in Resources */ = {isa = PBXBuildFile; fileRef = 721F7A1A151BD94700FA0D5E /* loading-14.png */; };
		721F7A41151BD94700FA0D5E /* loading-14@2x.png in Resources */ = {isa = PBXBuildFile; fileRef = 721F7A1B151BD94700FA0D5E /* loading-14@2x.png */; };
		721F7A42151BD94700FA0D5E /* loading-15.png in Resources */ = {isa = PBXBuildFile; fileRef = 721F7A1C151BD94700FA0D5E /* loading-15.png */; };
		721F7A43151BD94700FA0D5E /* loading-15@2x.png in Resources */ = {isa = PBXBuildFile; fileRef = 721F7A1D151BD94700FA0D5E /* loading-15@2x.png */; };
		721F7A44151BD94700FA0D5E /* loading-16.png in Resources */ = {isa = PBXBuildFile; fileRef = 721F7A1E151BD94700FA0D5E /* loading-16.png */; };
		721F7A45151BD94700FA0D5E /* loading-16@2x.png in Resources */ = {isa = PBXBuildFile; fileRef = 721F7A1F151BD94700FA0D5E /* loading-16@2x.png */; };
		721F7A46151BD94700FA0D5E /* loading-17.png in Resources */ = {isa = PBXBuildFile; fileRef = 721F7A20151BD94700FA0D5E /* loading-17.png */; };
		721F7A47151BD94700FA0D5E /* loading-17@2x.png in Resources */ = {isa = PBXBuildFile; fileRef = 721F7A21151BD94700FA0D5E /* loading-17@2x.png */; };
		721F7A48151BD94700FA0D5E /* loading-18.png in Resources */ = {isa = PBXBuildFile; fileRef = 721F7A22151BD94700FA0D5E /* loading-18.png */; };
		721F7A49151BD94700FA0D5E /* loading-18@2x.png in Resources */ = {isa = PBXBuildFile; fileRef = 721F7A23151BD94700FA0D5E /* loading-18@2x.png */; };
		721F7A4A151BD94700FA0D5E /* loading-19.png in Resources */ = {isa = PBXBuildFile; fileRef = 721F7A24151BD94700FA0D5E /* loading-19.png */; };
		721F7A4B151BD94700FA0D5E /* loading-19@2x.png in Resources */ = {isa = PBXBuildFile; fileRef = 721F7A25151BD94700FA0D5E /* loading-19@2x.png */; };
		721F7A4F151BDAD100FA0D5E /* big_arrow.png in Resources */ = {isa = PBXBuildFile; fileRef = 721F7A4D151BDAD100FA0D5E /* big_arrow.png */; };
		721F7A50151BDAD100FA0D5E /* big_arrow@2x.png in Resources */ = {isa = PBXBuildFile; fileRef = 721F7A4E151BDAD100FA0D5E /* big_arrow@2x.png */; };
		721F7A52151BE84300FA0D5E /* README.md in Resources */ = {isa = PBXBuildFile; fileRef = 721F7A51151BE84300FA0D5E /* README.md */; };
/* End PBXBuildFile section */

/* Begin PBXFileReference section */
		721F79D2151BB5C000FA0D5E /* PullToRefreshDemo.app */ = {isa = PBXFileReference; explicitFileType = wrapper.application; includeInIndex = 0; path = PullToRefreshDemo.app; sourceTree = BUILT_PRODUCTS_DIR; };
		721F79D6151BB5C000FA0D5E /* UIKit.framework */ = {isa = PBXFileReference; lastKnownFileType = wrapper.framework; name = UIKit.framework; path = System/Library/Frameworks/UIKit.framework; sourceTree = SDKROOT; };
		721F79D8151BB5C000FA0D5E /* Foundation.framework */ = {isa = PBXFileReference; lastKnownFileType = wrapper.framework; name = Foundation.framework; path = System/Library/Frameworks/Foundation.framework; sourceTree = SDKROOT; };
		721F79DA151BB5C000FA0D5E /* CoreGraphics.framework */ = {isa = PBXFileReference; lastKnownFileType = wrapper.framework; name = CoreGraphics.framework; path = System/Library/Frameworks/CoreGraphics.framework; sourceTree = SDKROOT; };
		721F79DE151BB5C100FA0D5E /* PullToRefreshDemo-Info.plist */ = {isa = PBXFileReference; lastKnownFileType = text.plist.xml; path = "PullToRefreshDemo-Info.plist"; sourceTree = "<group>"; };
		721F79E0151BB5C100FA0D5E /* en */ = {isa = PBXFileReference; lastKnownFileType = text.plist.strings; name = en; path = en.lproj/InfoPlist.strings; sourceTree = "<group>"; };
		721F79E2151BB5C100FA0D5E /* main.m */ = {isa = PBXFileReference; lastKnownFileType = sourcecode.c.objc; path = main.m; sourceTree = "<group>"; };
		721F79E4151BB5C100FA0D5E /* PullToRefreshDemo-Prefix.pch */ = {isa = PBXFileReference; lastKnownFileType = sourcecode.c.h; path = "PullToRefreshDemo-Prefix.pch"; sourceTree = "<group>"; };
		721F79E5151BB5C100FA0D5E /* AppDelegate.h */ = {isa = PBXFileReference; lastKnownFileType = sourcecode.c.h; path = AppDelegate.h; sourceTree = "<group>"; };
		721F79E6151BB5C100FA0D5E /* AppDelegate.m */ = {isa = PBXFileReference; lastKnownFileType = sourcecode.c.objc; path = AppDelegate.m; sourceTree = "<group>"; };
		721F79E8151BB5C100FA0D5E /* ViewController.h */ = {isa = PBXFileReference; lastKnownFileType = sourcecode.c.h; path = ViewController.h; sourceTree = "<group>"; };
		721F79E9151BB5C100FA0D5E /* ViewController.m */ = {isa = PBXFileReference; lastKnownFileType = sourcecode.c.objc; path = ViewController.m; sourceTree = "<group>"; };
		721F79EC151BB5C100FA0D5E /* en */ = {isa = PBXFileReference; lastKnownFileType = file.xib; name = en; path = en.lproj/ViewController.xib; sourceTree = "<group>"; };
		721F79F3151BB5DB00FA0D5E /* MSPullToRefreshController.h */ = {isa = PBXFileReference; lastKnownFileType = sourcecode.c.h; path = MSPullToRefreshController.h; sourceTree = "<group>"; };
		721F79F4151BB5DB00FA0D5E /* MSPullToRefreshController.m */ = {isa = PBXFileReference; lastKnownFileType = sourcecode.c.objc; path = MSPullToRefreshController.m; sourceTree = "<group>"; };
		721F79F6151BB91100FA0D5E /* CustomPullToRefresh.h */ = {isa = PBXFileReference; fileEncoding = 4; lastKnownFileType = sourcecode.c.h; path = CustomPullToRefresh.h; sourceTree = "<group>"; };
		721F79F7151BB91100FA0D5E /* CustomPullToRefresh.m */ = {isa = PBXFileReference; fileEncoding = 4; lastKnownFileType = sourcecode.c.objc; path = CustomPullToRefresh.m; sourceTree = "<group>"; };
		721F7A00151BD94400FA0D5E /* loading-1.png */ = {isa = PBXFileReference; lastKnownFileType = image.png; path = "loading-1.png"; sourceTree = "<group>"; };
		721F7A01151BD94500FA0D5E /* loading-1@2x.png */ = {isa = PBXFileReference; lastKnownFileType = image.png; path = "loading-1@2x.png"; sourceTree = "<group>"; };
		721F7A02151BD94500FA0D5E /* loading-2.png */ = {isa = PBXFileReference; lastKnownFileType = image.png; path = "loading-2.png"; sourceTree = "<group>"; };
		721F7A03151BD94500FA0D5E /* loading-2@2x.png */ = {isa = PBXFileReference; lastKnownFileType = image.png; path = "loading-2@2x.png"; sourceTree = "<group>"; };
		721F7A04151BD94500FA0D5E /* loading-3.png */ = {isa = PBXFileReference; lastKnownFileType = image.png; path = "loading-3.png"; sourceTree = "<group>"; };
		721F7A05151BD94500FA0D5E /* loading-3@2x.png */ = {isa = PBXFileReference; lastKnownFileType = image.png; path = "loading-3@2x.png"; sourceTree = "<group>"; };
		721F7A06151BD94500FA0D5E /* loading-4.png */ = {isa = PBXFileReference; lastKnownFileType = image.png; path = "loading-4.png"; sourceTree = "<group>"; };
		721F7A07151BD94500FA0D5E /* loading-4@2x.png */ = {isa = PBXFileReference; lastKnownFileType = image.png; path = "loading-4@2x.png"; sourceTree = "<group>"; };
		721F7A08151BD94600FA0D5E /* loading-5.png */ = {isa = PBXFileReference; lastKnownFileType = image.png; path = "loading-5.png"; sourceTree = "<group>"; };
		721F7A09151BD94600FA0D5E /* loading-5@2x.png */ = {isa = PBXFileReference; lastKnownFileType = image.png; path = "loading-5@2x.png"; sourceTree = "<group>"; };
		721F7A0A151BD94600FA0D5E /* loading-6.png */ = {isa = PBXFileReference; lastKnownFileType = image.png; path = "loading-6.png"; sourceTree = "<group>"; };
		721F7A0B151BD94600FA0D5E /* loading-6@2x.png */ = {isa = PBXFileReference; lastKnownFileType = image.png; path = "loading-6@2x.png"; sourceTree = "<group>"; };
		721F7A0C151BD94600FA0D5E /* loading-7.png */ = {isa = PBXFileReference; lastKnownFileType = image.png; path = "loading-7.png"; sourceTree = "<group>"; };
		721F7A0D151BD94600FA0D5E /* loading-7@2x.png */ = {isa = PBXFileReference; lastKnownFileType = image.png; path = "loading-7@2x.png"; sourceTree = "<group>"; };
		721F7A0E151BD94600FA0D5E /* loading-8.png */ = {isa = PBXFileReference; lastKnownFileType = image.png; path = "loading-8.png"; sourceTree = "<group>"; };
		721F7A0F151BD94600FA0D5E /* loading-8@2x.png */ = {isa = PBXFileReference; lastKnownFileType = image.png; path = "loading-8@2x.png"; sourceTree = "<group>"; };
		721F7A10151BD94600FA0D5E /* loading-9.png */ = {isa = PBXFileReference; lastKnownFileType = image.png; path = "loading-9.png"; sourceTree = "<group>"; };
		721F7A11151BD94600FA0D5E /* loading-9@2x.png */ = {isa = PBXFileReference; lastKnownFileType = image.png; path = "loading-9@2x.png"; sourceTree = "<group>"; };
		721F7A12151BD94600FA0D5E /* loading-10.png */ = {isa = PBXFileReference; lastKnownFileType = image.png; path = "loading-10.png"; sourceTree = "<group>"; };
		721F7A13151BD94600FA0D5E /* loading-10@2x.png */ = {isa = PBXFileReference; lastKnownFileType = image.png; path = "loading-10@2x.png"; sourceTree = "<group>"; };
		721F7A14151BD94600FA0D5E /* loading-11.png */ = {isa = PBXFileReference; lastKnownFileType = image.png; path = "loading-11.png"; sourceTree = "<group>"; };
		721F7A15151BD94600FA0D5E /* loading-11@2x.png */ = {isa = PBXFileReference; lastKnownFileType = image.png; path = "loading-11@2x.png"; sourceTree = "<group>"; };
		721F7A16151BD94600FA0D5E /* loading-12.png */ = {isa = PBXFileReference; lastKnownFileType = image.png; path = "loading-12.png"; sourceTree = "<group>"; };
		721F7A17151BD94700FA0D5E /* loading-12@2x.png */ = {isa = PBXFileReference; lastKnownFileType = image.png; path = "loading-12@2x.png"; sourceTree = "<group>"; };
		721F7A18151BD94700FA0D5E /* loading-13.png */ = {isa = PBXFileReference; lastKnownFileType = image.png; path = "loading-13.png"; sourceTree = "<group>"; };
		721F7A19151BD94700FA0D5E /* loading-13@2x.png */ = {isa = PBXFileReference; lastKnownFileType = image.png; path = "loading-13@2x.png"; sourceTree = "<group>"; };
		721F7A1A151BD94700FA0D5E /* loading-14.png */ = {isa = PBXFileReference; lastKnownFileType = image.png; path = "loading-14.png"; sourceTree = "<group>"; };
		721F7A1B151BD94700FA0D5E /* loading-14@2x.png */ = {isa = PBXFileReference; lastKnownFileType = image.png; path = "loading-14@2x.png"; sourceTree = "<group>"; };
		721F7A1C151BD94700FA0D5E /* loading-15.png */ = {isa = PBXFileReference; lastKnownFileType = image.png; path = "loading-15.png"; sourceTree = "<group>"; };
		721F7A1D151BD94700FA0D5E /* loading-15@2x.png */ = {isa = PBXFileReference; lastKnownFileType = image.png; path = "loading-15@2x.png"; sourceTree = "<group>"; };
		721F7A1E151BD94700FA0D5E /* loading-16.png */ = {isa = PBXFileReference; lastKnownFileType = image.png; path = "loading-16.png"; sourceTree = "<group>"; };
		721F7A1F151BD94700FA0D5E /* loading-16@2x.png */ = {isa = PBXFileReference; lastKnownFileType = image.png; path = "loading-16@2x.png"; sourceTree = "<group>"; };
		721F7A20151BD94700FA0D5E /* loading-17.png */ = {isa = PBXFileReference; lastKnownFileType = image.png; path = "loading-17.png"; sourceTree = "<group>"; };
		721F7A21151BD94700FA0D5E /* loading-17@2x.png */ = {isa = PBXFileReference; lastKnownFileType = image.png; path = "loading-17@2x.png"; sourceTree = "<group>"; };
		721F7A22151BD94700FA0D5E /* loading-18.png */ = {isa = PBXFileReference; lastKnownFileType = image.png; path = "loading-18.png"; sourceTree = "<group>"; };
		721F7A23151BD94700FA0D5E /* loading-18@2x.png */ = {isa = PBXFileReference; lastKnownFileType = image.png; path = "loading-18@2x.png"; sourceTree = "<group>"; };
		721F7A24151BD94700FA0D5E /* loading-19.png */ = {isa = PBXFileReference; lastKnownFileType = image.png; path = "loading-19.png"; sourceTree = "<group>"; };
		721F7A25151BD94700FA0D5E /* loading-19@2x.png */ = {isa = PBXFileReference; lastKnownFileType = image.png; path = "loading-19@2x.png"; sourceTree = "<group>"; };
		721F7A4D151BDAD100FA0D5E /* big_arrow.png */ = {isa = PBXFileReference; lastKnownFileType = image.png; path = big_arrow.png; sourceTree = "<group>"; };
		721F7A4E151BDAD100FA0D5E /* big_arrow@2x.png */ = {isa = PBXFileReference; lastKnownFileType = image.png; path = "big_arrow@2x.png"; sourceTree = "<group>"; };
		721F7A51151BE84300FA0D5E /* README.md */ = {isa = PBXFileReference; fileEncoding = 4; lastKnownFileType = text; path = README.md; sourceTree = "<group>"; };
/* End PBXFileReference section */

/* Begin PBXFrameworksBuildPhase section */
		721F79CF151BB5C000FA0D5E /* Frameworks */ = {
			isa = PBXFrameworksBuildPhase;
			buildActionMask = 2147483647;
			files = (
				721F79D7151BB5C000FA0D5E /* UIKit.framework in Frameworks */,
				721F79D9151BB5C000FA0D5E /* Foundation.framework in Frameworks */,
				721F79DB151BB5C000FA0D5E /* CoreGraphics.framework in Frameworks */,
			);
			runOnlyForDeploymentPostprocessing = 0;
		};
/* End PBXFrameworksBuildPhase section */

/* Begin PBXGroup section */
		721F79C7151BB5C000FA0D5E = {
			isa = PBXGroup;
			children = (
				721F79DC151BB5C000FA0D5E /* PullToRefreshDemo */,
				721F79D5151BB5C000FA0D5E /* Frameworks */,
				721F79D3151BB5C000FA0D5E /* Products */,
			);
			sourceTree = "<group>";
		};
		721F79D3151BB5C000FA0D5E /* Products */ = {
			isa = PBXGroup;
			children = (
				721F79D2151BB5C000FA0D5E /* PullToRefreshDemo.app */,
			);
			name = Products;
			sourceTree = "<group>";
		};
		721F79D5151BB5C000FA0D5E /* Frameworks */ = {
			isa = PBXGroup;
			children = (
				721F79D6151BB5C000FA0D5E /* UIKit.framework */,
				721F79D8151BB5C000FA0D5E /* Foundation.framework */,
				721F79DA151BB5C000FA0D5E /* CoreGraphics.framework */,
			);
			name = Frameworks;
			sourceTree = "<group>";
		};
		721F79DC151BB5C000FA0D5E /* PullToRefreshDemo */ = {
			isa = PBXGroup;
			children = (
				721F79F5151BB5DF00FA0D5E /* MSPullToRefreshController */,
				721F79E5151BB5C100FA0D5E /* AppDelegate.h */,
				721F79E6151BB5C100FA0D5E /* AppDelegate.m */,
				721F79F6151BB91100FA0D5E /* CustomPullToRefresh.h */,
				721F79F7151BB91100FA0D5E /* CustomPullToRefresh.m */,
				721F79E8151BB5C100FA0D5E /* ViewController.h */,
				721F79E9151BB5C100FA0D5E /* ViewController.m */,
				721F79EB151BB5C100FA0D5E /* ViewController.xib */,
				721F7A51151BE84300FA0D5E /* README.md */,
				721F7A4C151BD94F00FA0D5E /* images */,
				721F79DD151BB5C100FA0D5E /* Supporting Files */,
			);
			path = PullToRefreshDemo;
			sourceTree = "<group>";
		};
		721F79DD151BB5C100FA0D5E /* Supporting Files */ = {
			isa = PBXGroup;
			children = (
				721F79DE151BB5C100FA0D5E /* PullToRefreshDemo-Info.plist */,
				721F79DF151BB5C100FA0D5E /* InfoPlist.strings */,
				721F79E2151BB5C100FA0D5E /* main.m */,
				721F79E4151BB5C100FA0D5E /* PullToRefreshDemo-Prefix.pch */,
			);
			name = "Supporting Files";
			sourceTree = "<group>";
		};
		721F79F5151BB5DF00FA0D5E /* MSPullToRefreshController */ = {
			isa = PBXGroup;
			children = (
				721F79F3151BB5DB00FA0D5E /* MSPullToRefreshController.h */,
				721F79F4151BB5DB00FA0D5E /* MSPullToRefreshController.m */,
			);
			name = MSPullToRefreshController;
			sourceTree = "<group>";
		};
		721F7A4C151BD94F00FA0D5E /* images */ = {
			isa = PBXGroup;
			children = (
				721F7A4D151BDAD100FA0D5E /* big_arrow.png */,
				721F7A4E151BDAD100FA0D5E /* big_arrow@2x.png */,
				721F7A00151BD94400FA0D5E /* loading-1.png */,
				721F7A01151BD94500FA0D5E /* loading-1@2x.png */,
				721F7A02151BD94500FA0D5E /* loading-2.png */,
				721F7A03151BD94500FA0D5E /* loading-2@2x.png */,
				721F7A04151BD94500FA0D5E /* loading-3.png */,
				721F7A05151BD94500FA0D5E /* loading-3@2x.png */,
				721F7A06151BD94500FA0D5E /* loading-4.png */,
				721F7A07151BD94500FA0D5E /* loading-4@2x.png */,
				721F7A08151BD94600FA0D5E /* loading-5.png */,
				721F7A09151BD94600FA0D5E /* loading-5@2x.png */,
				721F7A0A151BD94600FA0D5E /* loading-6.png */,
				721F7A0B151BD94600FA0D5E /* loading-6@2x.png */,
				721F7A0C151BD94600FA0D5E /* loading-7.png */,
				721F7A0D151BD94600FA0D5E /* loading-7@2x.png */,
				721F7A0E151BD94600FA0D5E /* loading-8.png */,
				721F7A0F151BD94600FA0D5E /* loading-8@2x.png */,
				721F7A10151BD94600FA0D5E /* loading-9.png */,
				721F7A11151BD94600FA0D5E /* loading-9@2x.png */,
				721F7A12151BD94600FA0D5E /* loading-10.png */,
				721F7A13151BD94600FA0D5E /* loading-10@2x.png */,
				721F7A14151BD94600FA0D5E /* loading-11.png */,
				721F7A15151BD94600FA0D5E /* loading-11@2x.png */,
				721F7A16151BD94600FA0D5E /* loading-12.png */,
				721F7A17151BD94700FA0D5E /* loading-12@2x.png */,
				721F7A18151BD94700FA0D5E /* loading-13.png */,
				721F7A19151BD94700FA0D5E /* loading-13@2x.png */,
				721F7A1A151BD94700FA0D5E /* loading-14.png */,
				721F7A1B151BD94700FA0D5E /* loading-14@2x.png */,
				721F7A1C151BD94700FA0D5E /* loading-15.png */,
				721F7A1D151BD94700FA0D5E /* loading-15@2x.png */,
				721F7A1E151BD94700FA0D5E /* loading-16.png */,
				721F7A1F151BD94700FA0D5E /* loading-16@2x.png */,
				721F7A20151BD94700FA0D5E /* loading-17.png */,
				721F7A21151BD94700FA0D5E /* loading-17@2x.png */,
				721F7A22151BD94700FA0D5E /* loading-18.png */,
				721F7A23151BD94700FA0D5E /* loading-18@2x.png */,
				721F7A24151BD94700FA0D5E /* loading-19.png */,
				721F7A25151BD94700FA0D5E /* loading-19@2x.png */,
			);
			name = images;
			sourceTree = "<group>";
		};
/* End PBXGroup section */

/* Begin PBXNativeTarget section */
		721F79D1151BB5C000FA0D5E /* PullToRefreshDemo */ = {
			isa = PBXNativeTarget;
			buildConfigurationList = 721F79F0151BB5C100FA0D5E /* Build configuration list for PBXNativeTarget "PullToRefreshDemo" */;
			buildPhases = (
				721F79CE151BB5C000FA0D5E /* Sources */,
				721F79CF151BB5C000FA0D5E /* Frameworks */,
				721F79D0151BB5C000FA0D5E /* Resources */,
			);
			buildRules = (
			);
			dependencies = (
			);
			name = PullToRefreshDemo;
			productName = PullToRefreshDemo;
			productReference = 721F79D2151BB5C000FA0D5E /* PullToRefreshDemo.app */;
			productType = "com.apple.product-type.application";
		};
/* End PBXNativeTarget section */

/* Begin PBXProject section */
		721F79C9151BB5C000FA0D5E /* Project object */ = {
			isa = PBXProject;
			attributes = {
				LastUpgradeCheck = 0430;
				ORGANIZATIONNAME = TFM;
			};
			buildConfigurationList = 721F79CC151BB5C000FA0D5E /* Build configuration list for PBXProject "PullToRefreshDemo" */;
			compatibilityVersion = "Xcode 3.2";
			developmentRegion = English;
			hasScannedForEncodings = 0;
			knownRegions = (
				en,
			);
			mainGroup = 721F79C7151BB5C000FA0D5E;
			productRefGroup = 721F79D3151BB5C000FA0D5E /* Products */;
			projectDirPath = "";
			projectRoot = "";
			targets = (
				721F79D1151BB5C000FA0D5E /* PullToRefreshDemo */,
			);
		};
/* End PBXProject section */

/* Begin PBXResourcesBuildPhase section */
		721F79D0151BB5C000FA0D5E /* Resources */ = {
			isa = PBXResourcesBuildPhase;
			buildActionMask = 2147483647;
			files = (
				721F79E1151BB5C100FA0D5E /* InfoPlist.strings in Resources */,
				721F79ED151BB5C100FA0D5E /* ViewController.xib in Resources */,
				721F7A26151BD94700FA0D5E /* loading-1.png in Resources */,
				721F7A27151BD94700FA0D5E /* loading-1@2x.png in Resources */,
				721F7A28151BD94700FA0D5E /* loading-2.png in Resources */,
				721F7A29151BD94700FA0D5E /* loading-2@2x.png in Resources */,
				721F7A2A151BD94700FA0D5E /* loading-3.png in Resources */,
				721F7A2B151BD94700FA0D5E /* loading-3@2x.png in Resources */,
				721F7A2C151BD94700FA0D5E /* loading-4.png in Resources */,
				721F7A2D151BD94700FA0D5E /* loading-4@2x.png in Resources */,
				721F7A2E151BD94700FA0D5E /* loading-5.png in Resources */,
				721F7A2F151BD94700FA0D5E /* loading-5@2x.png in Resources */,
				721F7A30151BD94700FA0D5E /* loading-6.png in Resources */,
				721F7A31151BD94700FA0D5E /* loading-6@2x.png in Resources */,
				721F7A32151BD94700FA0D5E /* loading-7.png in Resources */,
				721F7A33151BD94700FA0D5E /* loading-7@2x.png in Resources */,
				721F7A34151BD94700FA0D5E /* loading-8.png in Resources */,
				721F7A35151BD94700FA0D5E /* loading-8@2x.png in Resources */,
				721F7A36151BD94700FA0D5E /* loading-9.png in Resources */,
				721F7A37151BD94700FA0D5E /* loading-9@2x.png in Resources */,
				721F7A38151BD94700FA0D5E /* loading-10.png in Resources */,
				721F7A39151BD94700FA0D5E /* loading-10@2x.png in Resources */,
				721F7A3A151BD94700FA0D5E /* loading-11.png in Resources */,
				721F7A3B151BD94700FA0D5E /* loading-11@2x.png in Resources */,
				721F7A3C151BD94700FA0D5E /* loading-12.png in Resources */,
				721F7A3D151BD94700FA0D5E /* loading-12@2x.png in Resources */,
				721F7A3E151BD94700FA0D5E /* loading-13.png in Resources */,
				721F7A3F151BD94700FA0D5E /* loading-13@2x.png in Resources */,
				721F7A40151BD94700FA0D5E /* loading-14.png in Resources */,
				721F7A41151BD94700FA0D5E /* loading-14@2x.png in Resources */,
				721F7A42151BD94700FA0D5E /* loading-15.png in Resources */,
				721F7A43151BD94700FA0D5E /* loading-15@2x.png in Resources */,
				721F7A44151BD94700FA0D5E /* loading-16.png in Resources */,
				721F7A45151BD94700FA0D5E /* loading-16@2x.png in Resources */,
				721F7A46151BD94700FA0D5E /* loading-17.png in Resources */,
				721F7A47151BD94700FA0D5E /* loading-17@2x.png in Resources */,
				721F7A48151BD94700FA0D5E /* loading-18.png in Resources */,
				721F7A49151BD94700FA0D5E /* loading-18@2x.png in Resources */,
				721F7A4A151BD94700FA0D5E /* loading-19.png in Resources */,
				721F7A4B151BD94700FA0D5E /* loading-19@2x.png in Resources */,
				721F7A4F151BDAD100FA0D5E /* big_arrow.png in Resources */,
				721F7A50151BDAD100FA0D5E /* big_arrow@2x.png in Resources */,
				721F7A52151BE84300FA0D5E /* README.md in Resources */,
			);
			runOnlyForDeploymentPostprocessing = 0;
		};
/* End PBXResourcesBuildPhase section */

/* Begin PBXSourcesBuildPhase section */
		721F79CE151BB5C000FA0D5E /* Sources */ = {
			isa = PBXSourcesBuildPhase;
			buildActionMask = 2147483647;
			files = (
				721F79FB151BBEA300FA0D5E /* MSPullToRefreshController.m in Sources */,
				721F79E3151BB5C100FA0D5E /* main.m in Sources */,
				721F79E7151BB5C100FA0D5E /* AppDelegate.m in Sources */,
				721F79EA151BB5C100FA0D5E /* ViewController.m in Sources */,
				721F79F8151BB91100FA0D5E /* CustomPullToRefresh.m in Sources */,
			);
			runOnlyForDeploymentPostprocessing = 0;
		};
/* End PBXSourcesBuildPhase section */

/* Begin PBXVariantGroup section */
		721F79DF151BB5C100FA0D5E /* InfoPlist.strings */ = {
			isa = PBXVariantGroup;
			children = (
				721F79E0151BB5C100FA0D5E /* en */,
			);
			name = InfoPlist.strings;
			sourceTree = "<group>";
		};
		721F79EB151BB5C100FA0D5E /* ViewController.xib */ = {
			isa = PBXVariantGroup;
			children = (
				721F79EC151BB5C100FA0D5E /* en */,
			);
			name = ViewController.xib;
			sourceTree = "<group>";
		};
/* End PBXVariantGroup section */

/* Begin XCBuildConfiguration section */
		721F79EE151BB5C100FA0D5E /* Debug */ = {
			isa = XCBuildConfiguration;
			buildSettings = {
				ALWAYS_SEARCH_USER_PATHS = NO;
				ARCHS = "$(ARCHS_STANDARD_32_BIT)";
				"CODE_SIGN_IDENTITY[sdk=iphoneos*]" = "iPhone Developer";
				COPY_PHASE_STRIP = NO;
				GCC_C_LANGUAGE_STANDARD = gnu99;
				GCC_DYNAMIC_NO_PIC = NO;
				GCC_OPTIMIZATION_LEVEL = 0;
				GCC_PREPROCESSOR_DEFINITIONS = (
					"DEBUG=1",
					"$(inherited)",
				);
				GCC_SYMBOLS_PRIVATE_EXTERN = NO;
				GCC_VERSION = com.apple.compilers.llvm.clang.1_0;
				GCC_WARN_ABOUT_RETURN_TYPE = YES;
				GCC_WARN_UNINITIALIZED_AUTOS = YES;
				GCC_WARN_UNUSED_VARIABLE = YES;
				IPHONEOS_DEPLOYMENT_TARGET = 4.0;
				SDKROOT = iphoneos;
			};
			name = Debug;
		};
		721F79EF151BB5C100FA0D5E /* Release */ = {
			isa = XCBuildConfiguration;
			buildSettings = {
				ALWAYS_SEARCH_USER_PATHS = NO;
				ARCHS = "$(ARCHS_STANDARD_32_BIT)";
				"CODE_SIGN_IDENTITY[sdk=iphoneos*]" = "iPhone Developer";
				COPY_PHASE_STRIP = YES;
				GCC_C_LANGUAGE_STANDARD = gnu99;
				GCC_VERSION = com.apple.compilers.llvm.clang.1_0;
				GCC_WARN_ABOUT_RETURN_TYPE = YES;
				GCC_WARN_UNINITIALIZED_AUTOS = YES;
				GCC_WARN_UNUSED_VARIABLE = YES;
				IPHONEOS_DEPLOYMENT_TARGET = 4.0;
				OTHER_CFLAGS = "-DNS_BLOCK_ASSERTIONS=1";
				SDKROOT = iphoneos;
				VALIDATE_PRODUCT = YES;
			};
			name = Release;
		};
		721F79F1151BB5C100FA0D5E /* Debug */ = {
			isa = XCBuildConfiguration;
			buildSettings = {
				GCC_PRECOMPILE_PREFIX_HEADER = YES;
				GCC_PREFIX_HEADER = "PullToRefreshDemo/PullToRefreshDemo-Prefix.pch";
				INFOPLIST_FILE = "PullToRefreshDemo/PullToRefreshDemo-Info.plist";
				IPHONEOS_DEPLOYMENT_TARGET = 4.0;
				PRODUCT_NAME = "$(TARGET_NAME)";
				WRAPPER_EXTENSION = app;
			};
			name = Debug;
		};
		721F79F2151BB5C100FA0D5E /* Release */ = {
			isa = XCBuildConfiguration;
			buildSettings = {
				GCC_PRECOMPILE_PREFIX_HEADER = YES;
				GCC_PREFIX_HEADER = "PullToRefreshDemo/PullToRefreshDemo-Prefix.pch";
				INFOPLIST_FILE = "PullToRefreshDemo/PullToRefreshDemo-Info.plist";
				IPHONEOS_DEPLOYMENT_TARGET = 4.0;
				PRODUCT_NAME = "$(TARGET_NAME)";
				WRAPPER_EXTENSION = app;
			};
			name = Release;
		};
/* End XCBuildConfiguration section */

/* Begin XCConfigurationList section */
		721F79CC151BB5C000FA0D5E /* Build configuration list for PBXProject "PullToRefreshDemo" */ = {
			isa = XCConfigurationList;
			buildConfigurations = (
				721F79EE151BB5C100FA0D5E /* Debug */,
				721F79EF151BB5C100FA0D5E /* Release */,
			);
			defaultConfigurationIsVisible = 0;
			defaultConfigurationName = Release;
		};
		721F79F0151BB5C100FA0D5E /* Build configuration list for PBXNativeTarget "PullToRefreshDemo" */ = {
			isa = XCConfigurationList;
			buildConfigurations = (
				721F79F1151BB5C100FA0D5E /* Debug */,
				721F79F2151BB5C100FA0D5E /* Release */,
			);
			defaultConfigurationIsVisible = 0;
		};
/* End XCConfigurationList section */
	};
	rootObject = 721F79C9151BB5C000FA0D5E /* Project object */;
}
